PODS:
  - Bolts (1.8.4):
    - Bolts/AppLinks (= 1.8.4)
    - Bolts/Tasks (= 1.8.4)
  - Bolts/AppLinks (1.8.4):
    - Bolts/Tasks
  - Bolts/Tasks (1.8.4)
  - CLTokenInputView (2.3.0)
  - CNPPopupController (0.3.3)
  - FBSDKCoreKit (4.15.1):
    - Bolts (~> 1.7)
  - FBSDKLoginKit (4.15.1):
    - FBSDKCoreKit
  - FBSDKShareKit (4.15.1):
    - FBSDKCoreKit
  - IODProfanityFilter (1.0.0)
  - IQKeyboardManager (4.0.6)
  - JTCalendar (2.1.9)
  - KVNProgress (2.3.1)
  - libPhoneNumber-iOS (0.8.16)
  - MFSideMenu (0.5.5)
  - Parse (1.14.2):
    - Bolts/Tasks (~> 1.8)
  - ParseCrashReporting (1.9.2):
    - Bolts/Tasks (~> 1.5)
    - Parse (~> 1.9)
  - ParseFacebookUtilsV4 (1.11.1):
    - Bolts/Tasks (>= 1.6)
    - FBSDKCoreKit (~> 4.10)
    - FBSDKLoginKit (~> 4.10)
    - FBSDKTVOSKit (~> 4.10)
    - Parse (~> 1.12)
  - ParseUI (1.2.0):
    - Bolts/Tasks (~> 1.3)
    - Parse (~> 1.9)
  - PureLayout (3.0.2)
  - SPGooglePlacesAutocomplete (1.0.5)
  - Toast (3.0)
  - UIAlertView+Blocks (0.9)
  - XLForm (3.2.0)

DEPENDENCIES:
  - CLTokenInputView
  - CNPPopupController
  - FBSDKCoreKit
  - FBSDKLoginKit
  - FBSDKShareKit
  - IODProfanityFilter
  - IQKeyboardManager
  - JTCalendar
  - KVNProgress
  - libPhoneNumber-iOS
  - MFSideMenu
  - Parse
  - ParseCrashReporting
  - ParseFacebookUtilsV4
  - ParseUI
  - PureLayout
  - SPGooglePlacesAutocomplete
  - Toast (~> 3.0)
  - UIAlertView+Blocks
  - XLForm

SPEC CHECKSUMS:
  Bolts: 8a7995239dbe724f9cba2248b766d48b7ebdd322
  CLTokenInputView: 9dc1ffb7c9d2d81787e69a63c75bd97b0b2d1e76
  CNPPopupController: 59b06290762f68beab5fb0bbfa87eb4dcbefb7de
  FBSDKCoreKit: fc7fa53d16b095ee3fd53f0cd59f1df8bcbb634d
  FBSDKLoginKit: 073f79b3b2e762fc6f54a283fe15f45372d59f5f
  FBSDKShareKit: 11cbb5a4d7b5fda8143cc95b76188147e6725736
  IODProfanityFilter: 10566999bf48ec8375c7d351d6bf9b6a1219f0cb
  IQKeyboardManager: c52debb1967799ae7addb98eab0cf328083a874f
  JTCalendar: beb2f4c1b639bf6880f680b4858227acf83a049c
  KVNProgress: 8167b1f19e2758290c0b6143020ed9dcbb0477a1
  libPhoneNumber-iOS: acb5805f67892db37adc3440290a367923672b51
  MFSideMenu: 268122e6894f2747fc3a2b48578100b232506c60
  Parse: 4335d65f40cb3d43190d723144bbe1afb9c38230
  ParseCrashReporting: 33b760facc649d4fd99eef8f35dcda6a406099e5
  ParseFacebookUtilsV4: 2f30c2b7021c8005d3042781da7ef87d06589421
  ParseUI: af2eba584799da4a9fbdac0e178662d7438b502e
  PureLayout: 4d550abe49a94f24c2808b9b95db9131685fe4cd
  SPGooglePlacesAutocomplete: 4d70b3961ed350328740757952eaa833fcd1b57e
  Toast: 32c59229abfcf41850162b83bb9259dc84372473
  UIAlertView+Blocks: a46c99c5144f6c5dbc7d62fd2a0678daceec89a3
  XLForm: 2250b4e96ab8ffa5f3355838c79edd90de451782

PODFILE CHECKSUM: 1711cc2a19768b8f6282e963731d7f899859f349

COCOAPODS: 1.0.1
